
Microsoft Visual Studio Solution File, Format Version 12.00
# Visual Studio Version 16
VisualStudioVersion = 16.0.29613.14
MinimumVisualStudioVersion = 10.0.40219.1
Project("{FAE04EC0-301F-11D3-BF4B-00C04F79EFBC}") = "Xam.Uwp.Shell.Renderer", "Xam.Uwp.Shell.Renderer\Xam.Uwp.Shell.Renderer.XamarinRef.csproj", "{ADF20E86-2C96-49DA-9D7D-9E47B799EB14}"
EndProject
Project("{FAE04EC0-301F-11D3-BF4B-00C04F79EFBC}") = "Example.Uwp", "Example.Uwp\Example.Uwp.XamarinRef.csproj", "{6314FAD6-6B25-4107-8DC8-0B0B76BA9D95}"
EndProject
Project("{9A19103F-16F7-4668-BE54-9A1E7A4F7556}") = "Example", "Example\Example.XamarinRef.csproj", "{C5887843-8712-4736-8F97-5AA9E71516E9}"
EndProject
Project("{2150E333-8FDC-42A3-9474-1A3956D46DE8}") = "Xamarin", "Xamarin", "{1FBD5B24-39EA-4587-8E37-1D371812F0CF}"
EndProject
Project("{9A19103F-16F7-4668-BE54-9A1E7A4F7556}") = "Xamarin.Forms.Core", "Xamarin.Forms\Xamarin.Forms.Core\Xamarin.Forms.Core.csproj", "{D84D8FEB-B526-453B-95A3-D262D8372CA0}"
EndProject
Project("{9A19103F-16F7-4668-BE54-9A1E7A4F7556}") = "Xamarin.Forms.Xaml", "Xamarin.Forms\Xamarin.Forms.Xaml\Xamarin.Forms.Xaml.csproj", "{12200B7E-C052-4D58-A2A7-80A5B939F7EC}"
EndProject
Project("{9A19103F-16F7-4668-BE54-9A1E7A4F7556}") = "Xamarin.Forms.Platform.UAP", "Xamarin.Forms\Xamarin.Forms.Platform.UAP\Xamarin.Forms.Platform.UAP.csproj", "{BD90CB3C-A239-4950-AE91-719016FA074B}"
EndProject
Project("{9A19103F-16F7-4668-BE54-9A1E7A4F7556}") = "Xamarin.Forms.Platform", "Xamarin.Forms\Xamarin.Forms.Platform\Xamarin.Forms.Platform.csproj", "{F9513F05-0B78-4F49-AEA1-2E965E6567DB}"
EndProject
Project("{9A19103F-16F7-4668-BE54-9A1E7A4F7556}") = "Xamarin.Forms.Build.Tasks", "Xamarin.Forms\Xamarin.Forms.Build.Tasks\Xamarin.Forms.Build.Tasks.csproj", "{923DCE7D-9A7E-4AC3-9E1D-8FD64720B385}"
EndProject
Global
	GlobalSection(SolutionConfigurationPlatforms) = preSolution
		Debug|Any CPU = Debug|Any CPU
		Debug|ARM = Debug|ARM
		Debug|ARM64 = Debug|ARM64
		Debug|x64 = Debug|x64
		Debug|x86 = Debug|x86
		Release|Any CPU = Release|Any CPU
		Release|ARM = Release|ARM
		Release|ARM64 = Release|ARM64
		Release|x64 = Release|x64
		Release|x86 = Release|x86
	EndGlobalSection
	GlobalSection(ProjectConfigurationPlatforms) = postSolution
		{ADF20E86-2C96-49DA-9D7D-9E47B799EB14}.Debug|Any CPU.ActiveCfg = Debug|Any CPU
		{ADF20E86-2C96-49DA-9D7D-9E47B799EB14}.Debug|Any CPU.Build.0 = Debug|Any CPU
		{ADF20E86-2C96-49DA-9D7D-9E47B799EB14}.Debug|ARM.ActiveCfg = Debug|ARM
		{ADF20E86-2C96-49DA-9D7D-9E47B799EB14}.Debug|ARM.Build.0 = Debug|ARM
		{ADF20E86-2C96-49DA-9D7D-9E47B799EB14}.Debug|ARM64.ActiveCfg = Debug|ARM64
		{ADF20E86-2C96-49DA-9D7D-9E47B799EB14}.Debug|ARM64.Build.0 = Debug|ARM64
		{ADF20E86-2C96-49DA-9D7D-9E47B799EB14}.Debug|x64.ActiveCfg = Debug|x64
		{ADF20E86-2C96-49DA-9D7D-9E47B799EB14}.Debug|x64.Build.0 = Debug|x64
		{ADF20E86-2C96-49DA-9D7D-9E47B799EB14}.Debug|x86.ActiveCfg = Debug|x86
		{ADF20E86-2C96-49DA-9D7D-9E47B799EB14}.Debug|x86.Build.0 = Debug|x86
		{ADF20E86-2C96-49DA-9D7D-9E47B799EB14}.Release|Any CPU.ActiveCfg = Release|Any CPU
		{ADF20E86-2C96-49DA-9D7D-9E47B799EB14}.Release|Any CPU.Build.0 = Release|Any CPU
		{ADF20E86-2C96-49DA-9D7D-9E47B799EB14}.Release|ARM.ActiveCfg = Release|ARM
		{ADF20E86-2C96-49DA-9D7D-9E47B799EB14}.Release|ARM.Build.0 = Release|ARM
		{ADF20E86-2C96-49DA-9D7D-9E47B799EB14}.Release|ARM64.ActiveCfg = Release|ARM64
		{ADF20E86-2C96-49DA-9D7D-9E47B799EB14}.Release|ARM64.Build.0 = Release|ARM64
		{ADF20E86-2C96-49DA-9D7D-9E47B799EB14}.Release|x64.ActiveCfg = Release|x64
		{ADF20E86-2C96-49DA-9D7D-9E47B799EB14}.Release|x64.Build.0 = Release|x64
		{ADF20E86-2C96-49DA-9D7D-9E47B799EB14}.Release|x86.ActiveCfg = Release|x86
		{ADF20E86-2C96-49DA-9D7D-9E47B799EB14}.Release|x86.Build.0 = Release|x86
		{6314FAD6-6B25-4107-8DC8-0B0B76BA9D95}.Debug|Any CPU.ActiveCfg = Debug|x86
		{6314FAD6-6B25-4107-8DC8-0B0B76BA9D95}.Debug|ARM.ActiveCfg = Debug|ARM
		{6314FAD6-6B25-4107-8DC8-0B0B76BA9D95}.Debug|ARM.Build.0 = Debug|ARM
		{6314FAD6-6B25-4107-8DC8-0B0B76BA9D95}.Debug|ARM.Deploy.0 = Debug|ARM
		{6314FAD6-6B25-4107-8DC8-0B0B76BA9D95}.Debug|ARM64.ActiveCfg = Debug|ARM64
		{6314FAD6-6B25-4107-8DC8-0B0B76BA9D95}.Debug|ARM64.Build.0 = Debug|ARM64
		{6314FAD6-6B25-4107-8DC8-0B0B76BA9D95}.Debug|ARM64.Deploy.0 = Debug|ARM64
		{6314FAD6-6B25-4107-8DC8-0B0B76BA9D95}.Debug|x64.ActiveCfg = Debug|x64
		{6314FAD6-6B25-4107-8DC8-0B0B76BA9D95}.Debug|x64.Build.0 = Debug|x64
		{6314FAD6-6B25-4107-8DC8-0B0B76BA9D95}.Debug|x64.Deploy.0 = Debug|x64
		{6314FAD6-6B25-4107-8DC8-0B0B76BA9D95}.Debug|x86.ActiveCfg = Debug|x86
		{6314FAD6-6B25-4107-8DC8-0B0B76BA9D95}.Debug|x86.Build.0 = Debug|x86
		{6314FAD6-6B25-4107-8DC8-0B0B76BA9D95}.Debug|x86.Deploy.0 = Debug|x86
		{6314FAD6-6B25-4107-8DC8-0B0B76BA9D95}.Release|Any CPU.ActiveCfg = Release|x86
		{6314FAD6-6B25-4107-8DC8-0B0B76BA9D95}.Release|ARM.ActiveCfg = Release|ARM
		{6314FAD6-6B25-4107-8DC8-0B0B76BA9D95}.Release|ARM.Build.0 = Release|ARM
		{6314FAD6-6B25-4107-8DC8-0B0B76BA9D95}.Release|ARM.Deploy.0 = Release|ARM
		{6314FAD6-6B25-4107-8DC8-0B0B76BA9D95}.Release|ARM64.ActiveCfg = Release|ARM64
		{6314FAD6-6B25-4107-8DC8-0B0B76BA9D95}.Release|ARM64.Build.0 = Release|ARM64
		{6314FAD6-6B25-4107-8DC8-0B0B76BA9D95}.Release|ARM64.Deploy.0 = Release|ARM64
		{6314FAD6-6B25-4107-8DC8-0B0B76BA9D95}.Release|x64.ActiveCfg = Release|x64
		{6314FAD6-6B25-4107-8DC8-0B0B76BA9D95}.Release|x64.Build.0 = Release|x64
		{6314FAD6-6B25-4107-8DC8-0B0B76BA9D95}.Release|x64.Deploy.0 = Release|x64
		{6314FAD6-6B25-4107-8DC8-0B0B76BA9D95}.Release|x86.ActiveCfg = Release|x86
		{6314FAD6-6B25-4107-8DC8-0B0B76BA9D95}.Release|x86.Build.0 = Release|x86
		{6314FAD6-6B25-4107-8DC8-0B0B76BA9D95}.Release|x86.Deploy.0 = Release|x86
		{C5887843-8712-4736-8F97-5AA9E71516E9}.Debug|Any CPU.ActiveCfg = Debug|Any CPU
		{C5887843-8712-4736-8F97-5AA9E71516E9}.Debug|Any CPU.Build.0 = Debug|Any CPU
		{C5887843-8712-4736-8F97-5AA9E71516E9}.Debug|ARM.ActiveCfg = Debug|Any CPU
		{C5887843-8712-4736-8F97-5AA9E71516E9}.Debug|ARM.Build.0 = Debug|Any CPU
		{C5887843-8712-4736-8F97-5AA9E71516E9}.Debug|ARM64.ActiveCfg = Debug|Any CPU
		{C5887843-8712-4736-8F97-5AA9E71516E9}.Debug|ARM64.Build.0 = Debug|Any CPU
		{C5887843-8712-4736-8F97-5AA9E71516E9}.Debug|x64.ActiveCfg = Debug|Any CPU
		{C5887843-8712-4736-8F97-5AA9E71516E9}.Debug|x64.Build.0 = Debug|Any CPU
		{C5887843-8712-4736-8F97-5AA9E71516E9}.Debug|x86.ActiveCfg = Debug|Any CPU
		{C5887843-8712-4736-8F97-5AA9E71516E9}.Debug|x86.Build.0 = Debug|Any CPU
		{C5887843-8712-4736-8F97-5AA9E71516E9}.Release|Any CPU.ActiveCfg = Release|Any CPU
		{C5887843-8712-4736-8F97-5AA9E71516E9}.Release|Any CPU.Build.0 = Release|Any CPU
		{C5887843-8712-4736-8F97-5AA9E71516E9}.Release|ARM.ActiveCfg = Release|Any CPU
		{C5887843-8712-4736-8F97-5AA9E71516E9}.Release|ARM.Build.0 = Release|Any CPU
		{C5887843-8712-4736-8F97-5AA9E71516E9}.Release|ARM64.ActiveCfg = Release|Any CPU
		{C5887843-8712-4736-8F97-5AA9E71516E9}.Release|ARM64.Build.0 = Release|Any CPU
		{C5887843-8712-4736-8F97-5AA9E71516E9}.Release|x64.ActiveCfg = Release|Any CPU
		{C5887843-8712-4736-8F97-5AA9E71516E9}.Release|x64.Build.0 = Release|Any CPU
		{C5887843-8712-4736-8F97-5AA9E71516E9}.Release|x86.ActiveCfg = Release|Any CPU
		{C5887843-8712-4736-8F97-5AA9E71516E9}.Release|x86.Build.0 = Release|Any CPU
		{D84D8FEB-B526-453B-95A3-D262D8372CA0}.Debug|Any CPU.ActiveCfg = Debug|Any CPU
		{D84D8FEB-B526-453B-95A3-D262D8372CA0}.Debug|Any CPU.Build.0 = Debug|Any CPU
		{D84D8FEB-B526-453B-95A3-D262D8372CA0}.Debug|ARM.ActiveCfg = Debug|Any CPU
		{D84D8FEB-B526-453B-95A3-D262D8372CA0}.Debug|ARM.Build.0 = Debug|Any CPU
		{D84D8FEB-B526-453B-95A3-D262D8372CA0}.Debug|ARM64.ActiveCfg = Debug|Any CPU
		{D84D8FEB-B526-453B-95A3-D262D8372CA0}.Debug|ARM64.Build.0 = Debug|Any CPU
		{D84D8FEB-B526-453B-95A3-D262D8372CA0}.Debug|x64.ActiveCfg = Debug|Any CPU
		{D84D8FEB-B526-453B-95A3-D262D8372CA0}.Debug|x64.Build.0 = Debug|Any CPU
		{D84D8FEB-B526-453B-95A3-D262D8372CA0}.Debug|x86.ActiveCfg = Debug|Any CPU
		{D84D8FEB-B526-453B-95A3-D262D8372CA0}.Debug|x86.Build.0 = Debug|Any CPU
		{D84D8FEB-B526-453B-95A3-D262D8372CA0}.Release|Any CPU.ActiveCfg = Release|Any CPU
		{D84D8FEB-B526-453B-95A3-D262D8372CA0}.Release|Any CPU.Build.0 = Release|Any CPU
		{D84D8FEB-B526-453B-95A3-D262D8372CA0}.Release|ARM.ActiveCfg = Release|Any CPU
		{D84D8FEB-B526-453B-95A3-D262D8372CA0}.Release|ARM.Build.0 = Release|Any CPU
		{D84D8FEB-B526-453B-95A3-D262D8372CA0}.Release|ARM64.ActiveCfg = Release|Any CPU
		{D84D8FEB-B526-453B-95A3-D262D8372CA0}.Release|ARM64.Build.0 = Release|Any CPU
		{D84D8FEB-B526-453B-95A3-D262D8372CA0}.Release|x64.ActiveCfg = Release|Any CPU
		{D84D8FEB-B526-453B-95A3-D262D8372CA0}.Release|x64.Build.0 = Release|Any CPU
		{D84D8FEB-B526-453B-95A3-D262D8372CA0}.Release|x86.ActiveCfg = Release|Any CPU
		{D84D8FEB-B526-453B-95A3-D262D8372CA0}.Release|x86.Build.0 = Release|Any CPU
		{12200B7E-C052-4D58-A2A7-80A5B939F7EC}.Debug|Any CPU.ActiveCfg = Debug|Any CPU
		{12200B7E-C052-4D58-A2A7-80A5B939F7EC}.Debug|Any CPU.Build.0 = Debug|Any CPU
		{12200B7E-C052-4D58-A2A7-80A5B939F7EC}.Debug|ARM.ActiveCfg = Debug|Any CPU
		{12200B7E-C052-4D58-A2A7-80A5B939F7EC}.Debug|ARM.Build.0 = Debug|Any CPU
		{12200B7E-C052-4D58-A2A7-80A5B939F7EC}.Debug|ARM64.ActiveCfg = Debug|Any CPU
		{12200B7E-C052-4D58-A2A7-80A5B939F7EC}.Debug|ARM64.Build.0 = Debug|Any CPU
		{12200B7E-C052-4D58-A2A7-80A5B939F7EC}.Debug|x64.ActiveCfg = Debug|Any CPU
		{12200B7E-C052-4D58-A2A7-80A5B939F7EC}.Debug|x64.Build.0 = Debug|Any CPU
		{12200B7E-C052-4D58-A2A7-80A5B939F7EC}.Debug|x86.ActiveCfg = Debug|Any CPU
		{12200B7E-C052-4D58-A2A7-80A5B939F7EC}.Debug|x86.Build.0 = Debug|Any CPU
		{12200B7E-C052-4D58-A2A7-80A5B939F7EC}.Release|Any CPU.ActiveCfg = Release|Any CPU
		{12200B7E-C052-4D58-A2A7-80A5B939F7EC}.Release|Any CPU.Build.0 = Release|Any CPU
		{12200B7E-C052-4D58-A2A7-80A5B939F7EC}.Release|ARM.ActiveCfg = Release|Any CPU
		{12200B7E-C052-4D58-A2A7-80A5B939F7EC}.Release|ARM.Build.0 = Release|Any CPU
		{12200B7E-C052-4D58-A2A7-80A5B939F7EC}.Release|ARM64.ActiveCfg = Release|Any CPU
		{12200B7E-C052-4D58-A2A7-80A5B939F7EC}.Release|ARM64.Build.0 = Release|Any CPU
		{12200B7E-C052-4D58-A2A7-80A5B939F7EC}.Release|x64.ActiveCfg = Release|Any CPU
		{12200B7E-C052-4D58-A2A7-80A5B939F7EC}.Release|x64.Build.0 = Release|Any CPU
		{12200B7E-C052-4D58-A2A7-80A5B939F7EC}.Release|x86.ActiveCfg = Release|Any CPU
		{12200B7E-C052-4D58-A2A7-80A5B939F7EC}.Release|x86.Build.0 = Release|Any CPU
		{BD90CB3C-A239-4950-AE91-719016FA074B}.Debug|Any CPU.ActiveCfg = Debug|Any CPU
		{BD90CB3C-A239-4950-AE91-719016FA074B}.Debug|Any CPU.Build.0 = Debug|Any CPU
		{BD90CB3C-A239-4950-AE91-719016FA074B}.Debug|ARM.ActiveCfg = Debug|Any CPU
		{BD90CB3C-A239-4950-AE91-719016FA074B}.Debug|ARM.Build.0 = Debug|Any CPU
		{BD90CB3C-A239-4950-AE91-719016FA074B}.Debug|ARM64.ActiveCfg = Debug|Any CPU
		{BD90CB3C-A239-4950-AE91-719016FA074B}.Debug|ARM64.Build.0 = Debug|Any CPU
		{BD90CB3C-A239-4950-AE91-719016FA074B}.Debug|x64.ActiveCfg = Debug|Any CPU
		{BD90CB3C-A239-4950-AE91-719016FA074B}.Debug|x64.Build.0 = Debug|Any CPU
		{BD90CB3C-A239-4950-AE91-719016FA074B}.Debug|x86.ActiveCfg = Debug|Any CPU
		{BD90CB3C-A239-4950-AE91-719016FA074B}.Debug|x86.Build.0 = Debug|Any CPU
		{BD90CB3C-A239-4950-AE91-719016FA074B}.Release|Any CPU.ActiveCfg = Release|Any CPU
		{BD90CB3C-A239-4950-AE91-719016FA074B}.Release|Any CPU.Build.0 = Release|Any CPU
		{BD90CB3C-A239-4950-AE91-719016FA074B}.Release|ARM.ActiveCfg = Release|Any CPU
		{BD90CB3C-A239-4950-AE91-719016FA074B}.Release|ARM.Build.0 = Release|Any CPU
		{BD90CB3C-A239-4950-AE91-719016FA074B}.Release|ARM64.ActiveCfg = Release|Any CPU
		{BD90CB3C-A239-4950-AE91-719016FA074B}.Release|ARM64.Build.0 = Release|Any CPU
		{BD90CB3C-A239-4950-AE91-719016FA074B}.Release|x64.ActiveCfg = Release|Any CPU
		{BD90CB3C-A239-4950-AE91-719016FA074B}.Release|x64.Build.0 = Release|Any CPU
		{BD90CB3C-A239-4950-AE91-719016FA074B}.Release|x86.ActiveCfg = Release|Any CPU
		{BD90CB3C-A239-4950-AE91-719016FA074B}.Release|x86.Build.0 = Release|Any CPU
		{F9513F05-0B78-4F49-AEA1-2E965E6567DB}.Debug|Any CPU.ActiveCfg = Debug|Any CPU
		{F9513F05-0B78-4F49-AEA1-2E965E6567DB}.Debug|Any CPU.Build.0 = Debug|Any CPU
		{F9513F05-0B78-4F49-AEA1-2E965E6567DB}.Debug|ARM.ActiveCfg = Debug|Any CPU
		{F9513F05-0B78-4F49-AEA1-2E965E6567DB}.Debug|ARM.Build.0 = Debug|Any CPU
		{F9513F05-0B78-4F49-AEA1-2E965E6567DB}.Debug|ARM64.ActiveCfg = Debug|Any CPU
		{F9513F05-0B78-4F49-AEA1-2E965E6567DB}.Debug|ARM64.Build.0 = Debug|Any CPU
		{F9513F05-0B78-4F49-AEA1-2E965E6567DB}.Debug|x64.ActiveCfg = Debug|Any CPU
		{F9513F05-0B78-4F49-AEA1-2E965E6567DB}.Debug|x64.Build.0 = Debug|Any CPU
		{F9513F05-0B78-4F49-AEA1-2E965E6567DB}.Debug|x86.ActiveCfg = Debug|Any CPU
		{F9513F05-0B78-4F49-AEA1-2E965E6567DB}.Debug|x86.Build.0 = Debug|Any CPU
		{F9513F05-0B78-4F49-AEA1-2E965E6567DB}.Release|Any CPU.ActiveCfg = Release|Any CPU
		{F9513F05-0B78-4F49-AEA1-2E965E6567DB}.Release|Any CPU.Build.0 = Release|Any CPU
		{F9513F05-0B78-4F49-AEA1-2E965E6567DB}.Release|ARM.ActiveCfg = Release|Any CPU
		{F9513F05-0B78-4F49-AEA1-2E965E6567DB}.Release|ARM.Build.0 = Release|Any CPU
		{F9513F05-0B78-4F49-AEA1-2E965E6567DB}.Release|ARM64.ActiveCfg = Release|Any CPU
		{F9513F05-0B78-4F49-AEA1-2E965E6567DB}.Release|ARM64.Build.0 = Release|Any CPU
		{F9513F05-0B78-4F49-AEA1-2E965E6567DB}.Release|x64.ActiveCfg = Release|Any CPU
		{F9513F05-0B78-4F49-AEA1-2E965E6567DB}.Release|x64.Build.0 = Release|Any CPU
		{F9513F05-0B78-4F49-AEA1-2E965E6567DB}.Release|x86.ActiveCfg = Release|Any CPU
		{F9513F05-0B78-4F49-AEA1-2E965E6567DB}.Release|x86.Build.0 = Release|Any CPU
		{923DCE7D-9A7E-4AC3-9E1D-8FD64720B385}.Debug|Any CPU.ActiveCfg = Debug|Any CPU
		{923DCE7D-9A7E-4AC3-9E1D-8FD64720B385}.Debug|Any CPU.Build.0 = Debug|Any CPU
		{923DCE7D-9A7E-4AC3-9E1D-8FD64720B385}.Debug|ARM.ActiveCfg = Debug|Any CPU
		{923DCE7D-9A7E-4AC3-9E1D-8FD64720B385}.Debug|ARM.Build.0 = Debug|Any CPU
		{923DCE7D-9A7E-4AC3-9E1D-8FD64720B385}.Debug|ARM64.ActiveCfg = Debug|Any CPU
		{923DCE7D-9A7E-4AC3-9E1D-8FD64720B385}.Debug|ARM64.Build.0 = Debug|Any CPU
		{923DCE7D-9A7E-4AC3-9E1D-8FD64720B385}.Debug|x64.ActiveCfg = Debug|Any CPU
		{923DCE7D-9A7E-4AC3-9E1D-8FD64720B385}.Debug|x64.Build.0 = Debug|Any CPU
		{923DCE7D-9A7E-4AC3-9E1D-8FD64720B385}.Debug|x86.ActiveCfg = Debug|Any CPU
		{923DCE7D-9A7E-4AC3-9E1D-8FD64720B385}.Debug|x86.Build.0 = Debug|Any CPU
		{923DCE7D-9A7E-4AC3-9E1D-8FD64720B385}.Release|Any CPU.ActiveCfg = Release|Any CPU
		{923DCE7D-9A7E-4AC3-9E1D-8FD64720B385}.Release|Any CPU.Build.0 = Release|Any CPU
		{923DCE7D-9A7E-4AC3-9E1D-8FD64720B385}.Release|ARM.ActiveCfg = Release|Any CPU
		{923DCE7D-9A7E-4AC3-9E1D-8FD64720B385}.Release|ARM.Build.0 = Release|Any CPU
		{923DCE7D-9A7E-4AC3-9E1D-8FD64720B385}.Release|ARM64.ActiveCfg = Release|Any CPU
		{923DCE7D-9A7E-4AC3-9E1D-8FD64720B385}.Release|ARM64.Build.0 = Release|Any CPU
		{923DCE7D-9A7E-4AC3-9E1D-8FD64720B385}.Release|x64.ActiveCfg = Release|Any CPU
		{923DCE7D-9A7E-4AC3-9E1D-8FD64720B385}.Release|x64.Build.0 = Release|Any CPU
		{923DCE7D-9A7E-4AC3-9E1D-8FD64720B385}.Release|x86.ActiveCfg = Release|Any CPU
		{923DCE7D-9A7E-4AC3-9E1D-8FD64720B385}.Release|x86.Build.0 = Release|Any CPU
	EndGlobalSection
	GlobalSection(SolutionProperties) = preSolution
		HideSolutionNode = FALSE
	EndGlobalSection
	GlobalSection(NestedProjects) = preSolution
		{D84D8FEB-B526-453B-95A3-D262D8372CA0} = {1FBD5B24-39EA-4587-8E37-1D371812F0CF}
		{12200B7E-C052-4D58-A2A7-80A5B939F7EC} = {1FBD5B24-39EA-4587-8E37-1D371812F0CF}
		{BD90CB3C-A239-4950-AE91-719016FA074B} = {1FBD5B24-39EA-4587-8E37-1D371812F0CF}
		{F9513F05-0B78-4F49-AEA1-2E965E6567DB} = {1FBD5B24-39EA-4587-8E37-1D371812F0CF}
		{923DCE7D-9A7E-4AC3-9E1D-8FD64720B385} = {1FBD5B24-39EA-4587-8E37-1D371812F0CF}
	EndGlobalSection
	GlobalSection(ExtensibilityGlobals) = postSolution
		SolutionGuid = {7A5EA292-41CE-40CF-AE31-A1374F3197AE}
	EndGlobalSection
EndGlobal
